# THIS IS AN AUTOGENERATED FILE. DO NOT EDIT THIS FILE DIRECTLY.
# yarn lockfile v1


bulma@^1.0.1:
  version "1.0.4"
  resolved "https://registry.yarnpkg.com/bulma/-/bulma-1.0.4.tgz#942dc017a3a201fa9f0e0c8db3dd52f3cff86712"
  integrity sha512-Ffb6YGXDiZYX3cqvSbHWqQ8+LkX6tVoTcZuVB3lm93sbAVXlO0D6QlOTMnV6g18gILpAXqkG2z9hf9z4hCjz2g==
