# THIS IS AN AUTOGENERATED FILE. DO NOT EDIT THIS FILE DIRECTLY.
# yarn lockfile v1


bulma@^1.0.1:
  version "1.0.1"
  resolved "https://registry.yarnpkg.com/bulma/-/bulma-1.0.1.tgz#e37261d6f8e1a3494c9378803d9958effb2715ce"
  integrity sha512-+xv/BIAEQakHkR0QVz+s+RjNqfC53Mx9ZYexyaFNFo9wx5i76HXArNdwW7bccyJxa5mgV/T5DcVGqsAB19nBJQ==
